
Microsoft Visual Studio Solution File, Format Version 12.00
# Visual Studio 2012
Project("{8BC9CEB8-8B4A-11D0-8D11-00A0C91BC942}") = "ServerQ4S", "ServerQ4S\Q4S-client-server.vcxproj", "{DAE9E881-00C2-4CCC-AA96-75E5E3DDCBBE}"
EndProject
Project("{8BC9CEB8-8B4A-11D0-8D11-00A0C91BC942}") = "ClientQ4S", "ClientQ4S\ClientQ4S.vcxproj", "{7C8218D7-5208-469B-B4F6-9C4CBF7A4ECA}"
EndProject
Global
	GlobalSection(SolutionConfigurationPlatforms) = preSolution
		Debug|Win32 = Debug|Win32
		Release|Win32 = Release|Win32
	EndGlobalSection
	GlobalSection(ProjectConfigurationPlatforms) = postSolution
		{DAE9E881-00C2-4CCC-AA96-75E5E3DDCBBE}.Debug|Win32.ActiveCfg = Debug|Win32
		{DAE9E881-00C2-4CCC-AA96-75E5E3DDCBBE}.Debug|Win32.Build.0 = Debug|Win32
		{DAE9E881-00C2-4CCC-AA96-75E5E3DDCBBE}.Release|Win32.ActiveCfg = Release|Win32
		{DAE9E881-00C2-4CCC-AA96-75E5E3DDCBBE}.Release|Win32.Build.0 = Release|Win32
		{7C8218D7-5208-469B-B4F6-9C4CBF7A4ECA}.Debug|Win32.ActiveCfg = Debug|Win32
		{7C8218D7-5208-469B-B4F6-9C4CBF7A4ECA}.Debug|Win32.Build.0 = Debug|Win32
		{7C8218D7-5208-469B-B4F6-9C4CBF7A4ECA}.Release|Win32.ActiveCfg = Release|Win32
		{7C8218D7-5208-469B-B4F6-9C4CBF7A4ECA}.Release|Win32.Build.0 = Release|Win32
	EndGlobalSection
	GlobalSection(SolutionProperties) = preSolution
		HideSolutionNode = FALSE
	EndGlobalSection
EndGlobal
