
Microsoft Visual Studio Solution File, Format Version 11.00
# Visual C++ Express 2010
Project("{8BC9CEB8-8B4A-11D0-8D11-00A0C91BC942}") = "Q4SClient", "Q4SClient\Q4SClient.vcxproj", "{8448CE06-D266-401C-89E3-1C2519ED388D}"
EndProject
Project("{8BC9CEB8-8B4A-11D0-8D11-00A0C91BC942}") = "Q4SCommon", "Q4SCommon\Q4SCommon.vcxproj", "{023EA7CE-85C1-4DFD-8510-435CFC864E04}"
EndProject
Project("{8BC9CEB8-8B4A-11D0-8D11-00A0C91BC942}") = "Q4SServer", "Q4SServer\Q4SServer.vcxproj", "{95A5C86A-DDDF-4504-ABDC-56B5E9525DBC}"
EndProject
Project("{8BC9CEB8-8B4A-11D0-8D11-00A0C91BC942}") = "Q4SAgent", "Q4SAgent\Q4SAgent.vcxproj", "{880ECBC9-991F-4A75-83FD-036DEE46C62D}"
	ProjectSection(ProjectDependencies) = postProject
		{023EA7CE-85C1-4DFD-8510-435CFC864E04} = {023EA7CE-85C1-4DFD-8510-435CFC864E04}
	EndProjectSection
EndProject
Project("{8BC9CEB8-8B4A-11D0-8D11-00A0C91BC942}") = "Q4SGAMConn", "Q4SGAMConn\Q4SGAMConn.vcxproj", "{8E68A2DA-69BF-464C-8854-B8C7046B843A}"
EndProject
Project("{8BC9CEB8-8B4A-11D0-8D11-00A0C91BC942}") = "Q4STestClient", "Q4STestClient\Q4STestClient.vcxproj", "{56EFC8C9-9441-4989-964A-F718142BB9EC}"
EndProject
Project("{8BC9CEB8-8B4A-11D0-8D11-00A0C91BC942}") = "Q4STestServer", "Q4STestServer\Q4STestServer.vcxproj", "{1B5AF51E-28A5-40E1-BC87-9F96E17EF3CC}"
EndProject
Project("{8BC9CEB8-8B4A-11D0-8D11-00A0C91BC942}") = "Q4STestAgent", "Q4STestAgent\Q4STestAgent.vcxproj", "{14921C8B-9E4E-42B6-9893-099F1525FC69}"
EndProject
Project("{8BC9CEB8-8B4A-11D0-8D11-00A0C91BC942}") = "Q4STestCommon", "Q4STestCommon\Q4STestCommon.vcxproj", "{48DBF1A0-B630-4688-BEB0-0102D3AD20F6}"
EndProject
Project("{8BC9CEB8-8B4A-11D0-8D11-00A0C91BC942}") = "Q4SAgent2.0", "Q4SAgent2.0\Q4SAgent2.0.vcxproj", "{E5DA7AFB-E572-4339-8E8A-E3EC0CC74C63}"
EndProject
Global
	GlobalSection(SolutionConfigurationPlatforms) = preSolution
		Debug|Win32 = Debug|Win32
		Release|Win32 = Release|Win32
	EndGlobalSection
	GlobalSection(ProjectConfigurationPlatforms) = postSolution
		{8448CE06-D266-401C-89E3-1C2519ED388D}.Debug|Win32.ActiveCfg = Debug|Win32
		{8448CE06-D266-401C-89E3-1C2519ED388D}.Debug|Win32.Build.0 = Debug|Win32
		{8448CE06-D266-401C-89E3-1C2519ED388D}.Release|Win32.ActiveCfg = Release|Win32
		{8448CE06-D266-401C-89E3-1C2519ED388D}.Release|Win32.Build.0 = Release|Win32
		{023EA7CE-85C1-4DFD-8510-435CFC864E04}.Debug|Win32.ActiveCfg = Debug|Win32
		{023EA7CE-85C1-4DFD-8510-435CFC864E04}.Debug|Win32.Build.0 = Debug|Win32
		{023EA7CE-85C1-4DFD-8510-435CFC864E04}.Release|Win32.ActiveCfg = Release|Win32
		{023EA7CE-85C1-4DFD-8510-435CFC864E04}.Release|Win32.Build.0 = Release|Win32
		{95A5C86A-DDDF-4504-ABDC-56B5E9525DBC}.Debug|Win32.ActiveCfg = Debug|Win32
		{95A5C86A-DDDF-4504-ABDC-56B5E9525DBC}.Debug|Win32.Build.0 = Debug|Win32
		{95A5C86A-DDDF-4504-ABDC-56B5E9525DBC}.Release|Win32.ActiveCfg = Release|Win32
		{95A5C86A-DDDF-4504-ABDC-56B5E9525DBC}.Release|Win32.Build.0 = Release|Win32
		{880ECBC9-991F-4A75-83FD-036DEE46C62D}.Debug|Win32.ActiveCfg = Debug|Win32
		{880ECBC9-991F-4A75-83FD-036DEE46C62D}.Debug|Win32.Build.0 = Debug|Win32
		{880ECBC9-991F-4A75-83FD-036DEE46C62D}.Release|Win32.ActiveCfg = Release|Win32
		{880ECBC9-991F-4A75-83FD-036DEE46C62D}.Release|Win32.Build.0 = Release|Win32
		{8E68A2DA-69BF-464C-8854-B8C7046B843A}.Debug|Win32.ActiveCfg = Debug|Win32
		{8E68A2DA-69BF-464C-8854-B8C7046B843A}.Debug|Win32.Build.0 = Debug|Win32
		{8E68A2DA-69BF-464C-8854-B8C7046B843A}.Release|Win32.ActiveCfg = Release|Win32
		{8E68A2DA-69BF-464C-8854-B8C7046B843A}.Release|Win32.Build.0 = Release|Win32
		{56EFC8C9-9441-4989-964A-F718142BB9EC}.Debug|Win32.ActiveCfg = Debug|Win32
		{56EFC8C9-9441-4989-964A-F718142BB9EC}.Debug|Win32.Build.0 = Debug|Win32
		{56EFC8C9-9441-4989-964A-F718142BB9EC}.Release|Win32.ActiveCfg = Release|Win32
		{56EFC8C9-9441-4989-964A-F718142BB9EC}.Release|Win32.Build.0 = Release|Win32
		{1B5AF51E-28A5-40E1-BC87-9F96E17EF3CC}.Debug|Win32.ActiveCfg = Debug|Win32
		{1B5AF51E-28A5-40E1-BC87-9F96E17EF3CC}.Debug|Win32.Build.0 = Debug|Win32
		{1B5AF51E-28A5-40E1-BC87-9F96E17EF3CC}.Release|Win32.ActiveCfg = Release|Win32
		{1B5AF51E-28A5-40E1-BC87-9F96E17EF3CC}.Release|Win32.Build.0 = Release|Win32
		{14921C8B-9E4E-42B6-9893-099F1525FC69}.Debug|Win32.ActiveCfg = Debug|Win32
		{14921C8B-9E4E-42B6-9893-099F1525FC69}.Debug|Win32.Build.0 = Debug|Win32
		{14921C8B-9E4E-42B6-9893-099F1525FC69}.Release|Win32.ActiveCfg = Release|Win32
		{14921C8B-9E4E-42B6-9893-099F1525FC69}.Release|Win32.Build.0 = Release|Win32
		{48DBF1A0-B630-4688-BEB0-0102D3AD20F6}.Debug|Win32.ActiveCfg = Debug|Win32
		{48DBF1A0-B630-4688-BEB0-0102D3AD20F6}.Debug|Win32.Build.0 = Debug|Win32
		{48DBF1A0-B630-4688-BEB0-0102D3AD20F6}.Release|Win32.ActiveCfg = Release|Win32
		{48DBF1A0-B630-4688-BEB0-0102D3AD20F6}.Release|Win32.Build.0 = Release|Win32
		{E5DA7AFB-E572-4339-8E8A-E3EC0CC74C63}.Debug|Win32.ActiveCfg = Debug|Win32
		{E5DA7AFB-E572-4339-8E8A-E3EC0CC74C63}.Debug|Win32.Build.0 = Debug|Win32
		{E5DA7AFB-E572-4339-8E8A-E3EC0CC74C63}.Release|Win32.ActiveCfg = Release|Win32
		{E5DA7AFB-E572-4339-8E8A-E3EC0CC74C63}.Release|Win32.Build.0 = Release|Win32
	EndGlobalSection
	GlobalSection(SolutionProperties) = preSolution
		HideSolutionNode = FALSE
	EndGlobalSection
EndGlobal
