<?xml version="1.0" encoding="utf-8"?>
<Project ToolsVersion="4.0" xmlns="http://schemas.microsoft.com/developer/msbuild/2003">
  <ItemGroup>
    <Filter Include="Source Files">
      <UniqueIdentifier>{4FC737F1-C7A5-4376-A066-2A32D752A2FF}</UniqueIdentifier>
      <Extensions>cpp;c;cc;cxx;def;odl;idl;hpj;bat;asm;asmx</Extensions>
    </Filter>
    <Filter Include="Header Files">
      <UniqueIdentifier>{93995380-89BD-4b04-88EB-625FBE52EBFB}</UniqueIdentifier>
      <Extensions>h;hpp;hxx;hm;inl;inc;xsd</Extensions>
    </Filter>
    <Filter Include="Resource Files">
      <UniqueIdentifier>{67DA6AB6-F800-4c08-8B7A-83BB121AAD01}</UniqueIdentifier>
      <Extensions>rc;ico;cur;bmp;dlg;rc2;rct;bin;rgs;gif;jpg;jpeg;jpe;resx;tiff;tif;png;wav;mfcribbon-ms</Extensions>
    </Filter>
  </ItemGroup>
  <ItemGroup>
    <None Include="ReadMe.txt" />
  </ItemGroup>
  <ItemGroup>
    <ClInclude Include="Q4SSocket.h">
      <Filter>Header Files</Filter>
    </ClInclude>
    <ClInclude Include="fmt\format.h">
      <Filter>Header Files</Filter>
    </ClInclude>
    <ClInclude Include="Q4SMessageManager.h">
      <Filter>Header Files</Filter>
    </ClInclude>
    <ClInclude Include="Q4SCriticalSection.h">
      <Filter>Header Files</Filter>
    </ClInclude>
    <ClInclude Include="ETime.h">
      <Filter>Header Files</Filter>
    </ClInclude>
    <ClInclude Include="Q4SMessageInfo.h">
      <Filter>Header Files</Filter>
    </ClInclude>
    <ClInclude Include="Q4SMathUtils.h">
      <Filter>Header Files</Filter>
    </ClInclude>
    <ClInclude Include="ConfigFile.h">
      <Filter>Header Files</Filter>
    </ClInclude>
    <ClInclude Include="EKey.h">
      <Filter>Header Files</Filter>
    </ClInclude>
    <ClInclude Include="EKeyCodes.h">
      <Filter>Header Files</Filter>
    </ClInclude>
    <ClInclude Include="Q4SMessage.h">
      <Filter>Header Files</Filter>
    </ClInclude>
    <ClInclude Include="Q4SSDP.h">
      <Filter>Header Files</Filter>
    </ClInclude>
    <ClInclude Include="Q4SMessageTools.h">
      <Filter>Header Files</Filter>
    </ClInclude>
    <ClInclude Include="Q4SStructs.h">
      <Filter>Header Files</Filter>
    </ClInclude>
    <ClInclude Include="Q4SCommonProtocol.h">
      <Filter>Header Files</Filter>
    </ClInclude>
    <ClInclude Include="Q4SSDPParams.h">
      <Filter>Header Files</Filter>
    </ClInclude>
    <ClInclude Include="ObtainMyIP.h">
      <Filter>Header Files</Filter>
    </ClInclude>
  </ItemGroup>
  <ItemGroup>
    <ClCompile Include="Q4SSocket.cpp">
      <Filter>Source Files</Filter>
    </ClCompile>
    <ClCompile Include="fmt\format.cc">
      <Filter>Source Files</Filter>
    </ClCompile>
    <ClCompile Include="Q4SMessageManager.cpp">
      <Filter>Source Files</Filter>
    </ClCompile>
    <ClCompile Include="Q4SCriticalSection.cpp">
      <Filter>Source Files</Filter>
    </ClCompile>
    <ClCompile Include="ETime.cpp">
      <Filter>Source Files</Filter>
    </ClCompile>
    <ClCompile Include="Q4SMathUtils.cpp">
      <Filter>Source Files</Filter>
    </ClCompile>
    <ClCompile Include="ConfigFile.cpp">
      <Filter>Source Files</Filter>
    </ClCompile>
    <ClCompile Include="EKey.cpp">
      <Filter>Source Files</Filter>
    </ClCompile>
    <ClCompile Include="Q4SMessage.cpp">
      <Filter>Source Files</Filter>
    </ClCompile>
    <ClCompile Include="Q4SSDP.cpp">
      <Filter>Source Files</Filter>
    </ClCompile>
    <ClCompile Include="Q4SMessageTools.cpp">
      <Filter>Source Files</Filter>
    </ClCompile>
    <ClCompile Include="Q4SStructs.cpp">
      <Filter>Source Files</Filter>
    </ClCompile>
    <ClCompile Include="Q4SCommonProtocol.cpp">
      <Filter>Source Files</Filter>
    </ClCompile>
    <ClCompile Include="Q4SSDPParams.cpp">
      <Filter>Source Files</Filter>
    </ClCompile>
    <ClCompile Include="ObtainMyIP.cpp">
      <Filter>Source Files</Filter>
    </ClCompile>
  </ItemGroup>
</Project>